
Microsoft Visual Studio Solution File, Format Version 12.00
# Visual Studio Version 17
VisualStudioVersion = 17.4.33122.133
MinimumVisualStudioVersion = 10.0.40219.1
Project("{9A19103F-16F7-4668-BE54-9A1E7A4F7556}") = "Bai_4", "Bai_4.csproj", "{EAF7B485-9B18-47CB-A4F1-4560510D9666}"
EndProject
Global
	GlobalSection(SolutionConfigurationPlatforms) = preSolution
		Debug|Any CPU = Debug|Any CPU
		Release|Any CPU = Release|Any CPU
	EndGlobalSection
	GlobalSection(ProjectConfigurationPlatforms) = postSolution
		{EAF7B485-9B18-47CB-A4F1-4560510D9666}.Debug|Any CPU.ActiveCfg = Debug|Any CPU
		{EAF7B485-9B18-47CB-A4F1-4560510D9666}.Debug|Any CPU.Build.0 = Debug|Any CPU
		{EAF7B485-9B18-47CB-A4F1-4560510D9666}.Release|Any CPU.ActiveCfg = Release|Any CPU
		{EAF7B485-9B18-47CB-A4F1-4560510D9666}.Release|Any CPU.Build.0 = Release|Any CPU
	EndGlobalSection
	GlobalSection(SolutionProperties) = preSolution
		HideSolutionNode = FALSE
	EndGlobalSection
	GlobalSection(ExtensibilityGlobals) = postSolution
		SolutionGuid = {A0DF5333-2D1C-4177-B0B2-12C176A41C31}
	EndGlobalSection
EndGlobal
