
Microsoft Visual Studio Solution File, Format Version 12.00
# Visual Studio Version 17
VisualStudioVersion = 17.4.33213.308
MinimumVisualStudioVersion = 10.0.40219.1
Project("{FAE04EC0-301F-11D3-BF4B-00C04F79EFBC}") = "Lap6_Bai2", "Lap6_Bai2\Lap6_Bai2.csproj", "{39ACDBBF-BF9E-4881-90E3-A7633227B47F}"
EndProject
Global
	GlobalSection(SolutionConfigurationPlatforms) = preSolution
		Debug|Any CPU = Debug|Any CPU
		Release|Any CPU = Release|Any CPU
	EndGlobalSection
	GlobalSection(ProjectConfigurationPlatforms) = postSolution
		{39ACDBBF-BF9E-4881-90E3-A7633227B47F}.Debug|Any CPU.ActiveCfg = Debug|Any CPU
		{39ACDBBF-BF9E-4881-90E3-A7633227B47F}.Debug|Any CPU.Build.0 = Debug|Any CPU
		{39ACDBBF-BF9E-4881-90E3-A7633227B47F}.Release|Any CPU.ActiveCfg = Release|Any CPU
		{39ACDBBF-BF9E-4881-90E3-A7633227B47F}.Release|Any CPU.Build.0 = Release|Any CPU
	EndGlobalSection
	GlobalSection(SolutionProperties) = preSolution
		HideSolutionNode = FALSE
	EndGlobalSection
	GlobalSection(ExtensibilityGlobals) = postSolution
		SolutionGuid = {49FEB05A-582B-4CD5-B9B9-40342C1A0BA7}
	EndGlobalSection
EndGlobal
