
Microsoft Visual Studio Solution File, Format Version 12.00
# Visual Studio Version 17
VisualStudioVersion = 17.4.33122.133
MinimumVisualStudioVersion = 10.0.40219.1
Project("{9A19103F-16F7-4668-BE54-9A1E7A4F7556}") = "Bai_3", "Bai_3.csproj", "{87D046E7-5FCC-4F48-9B99-6CAAA0253669}"
EndProject
Global
	GlobalSection(SolutionConfigurationPlatforms) = preSolution
		Debug|Any CPU = Debug|Any CPU
		Release|Any CPU = Release|Any CPU
	EndGlobalSection
	GlobalSection(ProjectConfigurationPlatforms) = postSolution
		{87D046E7-5FCC-4F48-9B99-6CAAA0253669}.Debug|Any CPU.ActiveCfg = Debug|Any CPU
		{87D046E7-5FCC-4F48-9B99-6CAAA0253669}.Debug|Any CPU.Build.0 = Debug|Any CPU
		{87D046E7-5FCC-4F48-9B99-6CAAA0253669}.Release|Any CPU.ActiveCfg = Release|Any CPU
		{87D046E7-5FCC-4F48-9B99-6CAAA0253669}.Release|Any CPU.Build.0 = Release|Any CPU
	EndGlobalSection
	GlobalSection(SolutionProperties) = preSolution
		HideSolutionNode = FALSE
	EndGlobalSection
	GlobalSection(ExtensibilityGlobals) = postSolution
		SolutionGuid = {30DC8246-9A63-4A48-8A24-0EF06BBE6D21}
	EndGlobalSection
EndGlobal
