
Microsoft Visual Studio Solution File, Format Version 12.00
# Visual Studio Version 17
VisualStudioVersion = 17.4.33122.133
MinimumVisualStudioVersion = 10.0.40219.1
Project("{FAE04EC0-301F-11D3-BF4B-00C04F79EFBC}") = "IT18326_3_QuanBichVan_Lab4_3", "IT18326_3_QuanBichVan_Lab4_3.csproj", "{82112FB4-917F-404D-982F-8684E010F3C1}"
EndProject
Global
	GlobalSection(SolutionConfigurationPlatforms) = preSolution
		Debug|Any CPU = Debug|Any CPU
		Release|Any CPU = Release|Any CPU
	EndGlobalSection
	GlobalSection(ProjectConfigurationPlatforms) = postSolution
		{82112FB4-917F-404D-982F-8684E010F3C1}.Debug|Any CPU.ActiveCfg = Debug|Any CPU
		{82112FB4-917F-404D-982F-8684E010F3C1}.Debug|Any CPU.Build.0 = Debug|Any CPU
		{82112FB4-917F-404D-982F-8684E010F3C1}.Release|Any CPU.ActiveCfg = Release|Any CPU
		{82112FB4-917F-404D-982F-8684E010F3C1}.Release|Any CPU.Build.0 = Release|Any CPU
	EndGlobalSection
	GlobalSection(SolutionProperties) = preSolution
		HideSolutionNode = FALSE
	EndGlobalSection
	GlobalSection(ExtensibilityGlobals) = postSolution
		SolutionGuid = {7B9FDA51-C047-431F-9694-2563DB0F587E}
	EndGlobalSection
EndGlobal
