
Microsoft Visual Studio Solution File, Format Version 12.00
# Visual Studio Version 17
VisualStudioVersion = 17.0.32014.148
MinimumVisualStudioVersion = 10.0.40219.1
Project("{FAE04EC0-301F-11D3-BF4B-00C04F79EFBC}") = "Menu2", "Menu2.csproj", "{5FA27EE0-254E-4EF5-A54E-C69D7F6E9BBD}"
EndProject
Global
	GlobalSection(SolutionConfigurationPlatforms) = preSolution
		Debug|Any CPU = Debug|Any CPU
		Release|Any CPU = Release|Any CPU
	EndGlobalSection
	GlobalSection(ProjectConfigurationPlatforms) = postSolution
		{5FA27EE0-254E-4EF5-A54E-C69D7F6E9BBD}.Debug|Any CPU.ActiveCfg = Debug|Any CPU
		{5FA27EE0-254E-4EF5-A54E-C69D7F6E9BBD}.Debug|Any CPU.Build.0 = Debug|Any CPU
		{5FA27EE0-254E-4EF5-A54E-C69D7F6E9BBD}.Release|Any CPU.ActiveCfg = Release|Any CPU
		{5FA27EE0-254E-4EF5-A54E-C69D7F6E9BBD}.Release|Any CPU.Build.0 = Release|Any CPU
	EndGlobalSection
	GlobalSection(SolutionProperties) = preSolution
		HideSolutionNode = FALSE
	EndGlobalSection
	GlobalSection(ExtensibilityGlobals) = postSolution
		SolutionGuid = {4D81363A-D9CD-481B-AB94-785BC1397B0C}
	EndGlobalSection
EndGlobal
